
Microsoft Visual Studio Solution File, Format Version 12.00
# Visual Studio Version 16
VisualStudioVersion = 16.0.31613.86
MinimumVisualStudioVersion = 10.0.40219.1
Project("{FAE04EC0-301F-11D3-BF4B-00C04F79EFBC}") = "CheckHex", "CheckHex\CheckHex.csproj", "{F4FEC80F-7199-4F25-AF65-4FC5B3BF2A28}"
EndProject
Global
	GlobalSection(SolutionConfigurationPlatforms) = preSolution
		Debug|Any CPU = Debug|Any CPU
		Release|Any CPU = Release|Any CPU
	EndGlobalSection
	GlobalSection(ProjectConfigurationPlatforms) = postSolution
		{F4FEC80F-7199-4F25-AF65-4FC5B3BF2A28}.Debug|Any CPU.ActiveCfg = Debug|Any CPU
		{F4FEC80F-7199-4F25-AF65-4FC5B3BF2A28}.Debug|Any CPU.Build.0 = Debug|Any CPU
		{F4FEC80F-7199-4F25-AF65-4FC5B3BF2A28}.Release|Any CPU.ActiveCfg = Release|Any CPU
		{F4FEC80F-7199-4F25-AF65-4FC5B3BF2A28}.Release|Any CPU.Build.0 = Release|Any CPU
	EndGlobalSection
	GlobalSection(SolutionProperties) = preSolution
		HideSolutionNode = FALSE
	EndGlobalSection
	GlobalSection(ExtensibilityGlobals) = postSolution
		SolutionGuid = {AC8CB56C-FD26-4AEE-9159-762947C8D684}
	EndGlobalSection
EndGlobal
