
Microsoft Visual Studio Solution File, Format Version 12.00
# Visual Studio Version 16
VisualStudioVersion = 16.0.31613.86
MinimumVisualStudioVersion = 10.0.40219.1
Project("{FAE04EC0-301F-11D3-BF4B-00C04F79EFBC}") = "ConsoleApp2", "ConsoleApp2\ConsoleApp2.csproj", "{177FA1B8-EC4E-486E-940B-EFFAEFB8B92E}"
EndProject
Global
	GlobalSection(SolutionConfigurationPlatforms) = preSolution
		Debug|Any CPU = Debug|Any CPU
		Release|Any CPU = Release|Any CPU
	EndGlobalSection
	GlobalSection(ProjectConfigurationPlatforms) = postSolution
		{177FA1B8-EC4E-486E-940B-EFFAEFB8B92E}.Debug|Any CPU.ActiveCfg = Debug|Any CPU
		{177FA1B8-EC4E-486E-940B-EFFAEFB8B92E}.Debug|Any CPU.Build.0 = Debug|Any CPU
		{177FA1B8-EC4E-486E-940B-EFFAEFB8B92E}.Release|Any CPU.ActiveCfg = Release|Any CPU
		{177FA1B8-EC4E-486E-940B-EFFAEFB8B92E}.Release|Any CPU.Build.0 = Release|Any CPU
	EndGlobalSection
	GlobalSection(SolutionProperties) = preSolution
		HideSolutionNode = FALSE
	EndGlobalSection
	GlobalSection(ExtensibilityGlobals) = postSolution
		SolutionGuid = {0CD9CFA3-C70D-4FFB-8E85-9C00DB27FA81}
	EndGlobalSection
EndGlobal
