
Microsoft Visual Studio Solution File, Format Version 12.00
# Visual Studio Version 16
VisualStudioVersion = 16.0.31613.86
MinimumVisualStudioVersion = 10.0.40219.1
Project("{FAE04EC0-301F-11D3-BF4B-00C04F79EFBC}") = "ExceptionHandling3", "ExceptionHandling3\ExceptionHandling3.csproj", "{52A98DF3-53C1-43C8-9A8F-7CAE270AEA92}"
EndProject
Global
	GlobalSection(SolutionConfigurationPlatforms) = preSolution
		Debug|Any CPU = Debug|Any CPU
		Release|Any CPU = Release|Any CPU
	EndGlobalSection
	GlobalSection(ProjectConfigurationPlatforms) = postSolution
		{52A98DF3-53C1-43C8-9A8F-7CAE270AEA92}.Debug|Any CPU.ActiveCfg = Debug|Any CPU
		{52A98DF3-53C1-43C8-9A8F-7CAE270AEA92}.Debug|Any CPU.Build.0 = Debug|Any CPU
		{52A98DF3-53C1-43C8-9A8F-7CAE270AEA92}.Release|Any CPU.ActiveCfg = Release|Any CPU
		{52A98DF3-53C1-43C8-9A8F-7CAE270AEA92}.Release|Any CPU.Build.0 = Release|Any CPU
	EndGlobalSection
	GlobalSection(SolutionProperties) = preSolution
		HideSolutionNode = FALSE
	EndGlobalSection
	GlobalSection(ExtensibilityGlobals) = postSolution
		SolutionGuid = {0A7873B3-46BD-4F54-A506-55380DE8C8BB}
	EndGlobalSection
EndGlobal
