
Microsoft Visual Studio Solution File, Format Version 12.00
# Visual Studio Version 16
VisualStudioVersion = 16.0.31613.86
MinimumVisualStudioVersion = 10.0.40219.1
Project("{9A19103F-16F7-4668-BE54-9A1E7A4F7556}") = "Generics", "ConsoleApp3\Generics.csproj", "{426E747A-8098-496B-B10A-1AAB807F5295}"
EndProject
Global
	GlobalSection(SolutionConfigurationPlatforms) = preSolution
		Debug|Any CPU = Debug|Any CPU
		Release|Any CPU = Release|Any CPU
	EndGlobalSection
	GlobalSection(ProjectConfigurationPlatforms) = postSolution
		{426E747A-8098-496B-B10A-1AAB807F5295}.Debug|Any CPU.ActiveCfg = Debug|Any CPU
		{426E747A-8098-496B-B10A-1AAB807F5295}.Debug|Any CPU.Build.0 = Debug|Any CPU
		{426E747A-8098-496B-B10A-1AAB807F5295}.Release|Any CPU.ActiveCfg = Release|Any CPU
		{426E747A-8098-496B-B10A-1AAB807F5295}.Release|Any CPU.Build.0 = Release|Any CPU
	EndGlobalSection
	GlobalSection(SolutionProperties) = preSolution
		HideSolutionNode = FALSE
	EndGlobalSection
	GlobalSection(ExtensibilityGlobals) = postSolution
		SolutionGuid = {F95272E2-6B9A-4715-AC94-BC1A5660A928}
	EndGlobalSection
EndGlobal
