
Microsoft Visual Studio Solution File, Format Version 12.00
# Visual Studio Version 16
VisualStudioVersion = 16.0.31613.86
MinimumVisualStudioVersion = 10.0.40219.1
Project("{FAE04EC0-301F-11D3-BF4B-00C04F79EFBC}") = "PasswordValidator", "PasswordValidator\PasswordValidator.csproj", "{8065DD0A-8B5F-4A6B-9DA9-F1DD0C618D6E}"
EndProject
Global
	GlobalSection(SolutionConfigurationPlatforms) = preSolution
		Debug|Any CPU = Debug|Any CPU
		Release|Any CPU = Release|Any CPU
	EndGlobalSection
	GlobalSection(ProjectConfigurationPlatforms) = postSolution
		{8065DD0A-8B5F-4A6B-9DA9-F1DD0C618D6E}.Debug|Any CPU.ActiveCfg = Debug|Any CPU
		{8065DD0A-8B5F-4A6B-9DA9-F1DD0C618D6E}.Debug|Any CPU.Build.0 = Debug|Any CPU
		{8065DD0A-8B5F-4A6B-9DA9-F1DD0C618D6E}.Release|Any CPU.ActiveCfg = Release|Any CPU
		{8065DD0A-8B5F-4A6B-9DA9-F1DD0C618D6E}.Release|Any CPU.Build.0 = Release|Any CPU
	EndGlobalSection
	GlobalSection(SolutionProperties) = preSolution
		HideSolutionNode = FALSE
	EndGlobalSection
	GlobalSection(ExtensibilityGlobals) = postSolution
		SolutionGuid = {90B8E07A-F948-44FD-A86D-B3E0B58E2EA8}
	EndGlobalSection
EndGlobal
