
Microsoft Visual Studio Solution File, Format Version 12.00
# Visual Studio Version 16
VisualStudioVersion = 16.0.31613.86
MinimumVisualStudioVersion = 10.0.40219.1
Project("{FAE04EC0-301F-11D3-BF4B-00C04F79EFBC}") = "Alert", "Alert\Alert.csproj", "{FBF0C08D-50D6-4119-AA43-3DA17C2C3EA8}"
EndProject
Global
	GlobalSection(SolutionConfigurationPlatforms) = preSolution
		Debug|Any CPU = Debug|Any CPU
		Release|Any CPU = Release|Any CPU
	EndGlobalSection
	GlobalSection(ProjectConfigurationPlatforms) = postSolution
		{FBF0C08D-50D6-4119-AA43-3DA17C2C3EA8}.Debug|Any CPU.ActiveCfg = Debug|Any CPU
		{FBF0C08D-50D6-4119-AA43-3DA17C2C3EA8}.Debug|Any CPU.Build.0 = Debug|Any CPU
		{FBF0C08D-50D6-4119-AA43-3DA17C2C3EA8}.Release|Any CPU.ActiveCfg = Release|Any CPU
		{FBF0C08D-50D6-4119-AA43-3DA17C2C3EA8}.Release|Any CPU.Build.0 = Release|Any CPU
	EndGlobalSection
	GlobalSection(SolutionProperties) = preSolution
		HideSolutionNode = FALSE
	EndGlobalSection
	GlobalSection(ExtensibilityGlobals) = postSolution
		SolutionGuid = {D6BACF4E-3D03-463B-817B-C8B0BBCCAE63}
	EndGlobalSection
EndGlobal
